
Microsoft Visual Studio Solution File, Format Version 12.00
# Visual Studio Version 16
VisualStudioVersion = 16.0.32602.290
MinimumVisualStudioVersion = 10.0.40219.1
Project("{FAE04EC0-301F-11D3-BF4B-00C04F79EFBC}") = "angelito", "angelito\angelito.csproj", "{F42A1689-CFCA-4F22-B1CF-CCB31AB2E24E}"
EndProject
Global
	GlobalSection(SolutionConfigurationPlatforms) = preSolution
		Debug|Any CPU = Debug|Any CPU
		Release|Any CPU = Release|Any CPU
	EndGlobalSection
	GlobalSection(ProjectConfigurationPlatforms) = postSolution
		{F42A1689-CFCA-4F22-B1CF-CCB31AB2E24E}.Debug|Any CPU.ActiveCfg = Debug|Any CPU
		{F42A1689-CFCA-4F22-B1CF-CCB31AB2E24E}.Debug|Any CPU.Build.0 = Debug|Any CPU
		{F42A1689-CFCA-4F22-B1CF-CCB31AB2E24E}.Release|Any CPU.ActiveCfg = Release|Any CPU
		{F42A1689-CFCA-4F22-B1CF-CCB31AB2E24E}.Release|Any CPU.Build.0 = Release|Any CPU
	EndGlobalSection
	GlobalSection(SolutionProperties) = preSolution
		HideSolutionNode = FALSE
	EndGlobalSection
	GlobalSection(ExtensibilityGlobals) = postSolution
		SolutionGuid = {8C427420-EE80-43B7-8701-CA462F98108E}
	EndGlobalSection
EndGlobal
